Microsoft Visual Studio Solution File, Format Version 11.00
# Visual Studio 2008

Project("{B6DC4870-78B7-3732-38D5-264B7C0342A9}") = "LerpzAuthServer", "Assembly-CSharp-firstpass.csproj", "{993B29BA-73DA-7F80-E5FF-F08A7C38F02A}"
EndProject
Project("{B6DC4870-78B7-3732-38D5-264B7C0342A9}") = "LerpzAuthServer", "Assembly-CSharp.csproj", "{8FBC37B0-2986-2957-A61F-981A45BAE1B4}"
EndProject
Project("{B6DC4870-78B7-3732-38D5-264B7C0342A9}") = "LerpzAuthServer", "Assembly-CSharp-Editor-firstpass.csproj", "{3361DDD6-A5A8-7288-2EA8-102F7F45CFBB}"
EndProject
Project("{B6DC4870-78B7-3732-38D5-264B7C0342A9}") = "LerpzAuthServer", "Assembly-UnityScript.unityproj", "{80D91609-ED09-673E-A555-63B3E9DCB543}"
EndProject
Global
	GlobalSection(SolutionConfigurationPlatforms) = preSolution
		Debug|Any CPU = Debug|Any CPU
		Release|Any CPU = Release|Any CPU
	EndGlobalSection
	GlobalSection(ProjectConfigurationPlatforms) = postSolution
		{993B29BA-73DA-7F80-E5FF-F08A7C38F02A}.Debug|Any CPU.ActiveCfg = Debug|Any CPU
		{993B29BA-73DA-7F80-E5FF-F08A7C38F02A}.Debug|Any CPU.Build.0 = Debug|Any CPU
		{993B29BA-73DA-7F80-E5FF-F08A7C38F02A}.Release|Any CPU.ActiveCfg = Release|Any CPU
		{993B29BA-73DA-7F80-E5FF-F08A7C38F02A}.Release|Any CPU.Build.0 = Release|Any CPU
		{8FBC37B0-2986-2957-A61F-981A45BAE1B4}.Debug|Any CPU.ActiveCfg = Debug|Any CPU
		{8FBC37B0-2986-2957-A61F-981A45BAE1B4}.Debug|Any CPU.Build.0 = Debug|Any CPU
		{8FBC37B0-2986-2957-A61F-981A45BAE1B4}.Release|Any CPU.ActiveCfg = Release|Any CPU
		{8FBC37B0-2986-2957-A61F-981A45BAE1B4}.Release|Any CPU.Build.0 = Release|Any CPU
		{3361DDD6-A5A8-7288-2EA8-102F7F45CFBB}.Debug|Any CPU.ActiveCfg = Debug|Any CPU
		{3361DDD6-A5A8-7288-2EA8-102F7F45CFBB}.Debug|Any CPU.Build.0 = Debug|Any CPU
		{3361DDD6-A5A8-7288-2EA8-102F7F45CFBB}.Release|Any CPU.ActiveCfg = Release|Any CPU
		{3361DDD6-A5A8-7288-2EA8-102F7F45CFBB}.Release|Any CPU.Build.0 = Release|Any CPU
		{80D91609-ED09-673E-A555-63B3E9DCB543}.Debug|Any CPU.ActiveCfg = Debug|Any CPU
		{80D91609-ED09-673E-A555-63B3E9DCB543}.Debug|Any CPU.Build.0 = Debug|Any CPU
		{80D91609-ED09-673E-A555-63B3E9DCB543}.Release|Any CPU.ActiveCfg = Release|Any CPU
		{80D91609-ED09-673E-A555-63B3E9DCB543}.Release|Any CPU.Build.0 = Release|Any CPU
	EndGlobalSection
	GlobalSection(SolutionProperties) = preSolution
		HideSolutionNode = FALSE
	EndGlobalSection
						GlobalSection(MonoDevelopProperties) = preSolution
		StartupItem = Assembly-CSharp.csproj
		Policies = $0
		$0.TextStylePolicy = $1
		$1.inheritsSet = null
		$1.scope = text/x-csharp
		$0.CSharpFormattingPolicy = $2
		$2.inheritsSet = Mono
		$2.inheritsScope = text/x-csharp
		$2.scope = text/x-csharp
		$0.TextStylePolicy = $3
		$3.FileWidth = 120
		$3.TabWidth = 4
		$3.EolMarker = Unix
		$3.inheritsSet = Mono
		$3.inheritsScope = text/plain
		$3.scope = text/plain
	EndGlobalSection

EndGlobal
